github.com/jdejesus007/gogeos v0.1.4 h1:SOU0cwLH7Rx2iU52nxUVAlvc+3bVd8h5VUK9AB79DBg=
github.com/jdejesus007/gogeos v0.1.4/go.mod h1:bWjdRZOXr1hfazt/UTUDXa+2FTUBhEVpjNt5uiP1A0s=
github.com/pkg/errors v0.8.1 h1:iURUrRGxPUNPdy5/HRSm+Yj6okJ6UtLINN0Q9M4+h3I=
github.com/pkg/errors v0.8.1/go.mod h1:bwawxfHBFNV+L2hUp1rHADufV3IMtnDRdf1r5NINEl0=
