github.com/jdejesus007/gogeos v0.1.5 h1:p5jAS0/NOW6pppRD0HxPzdz4jNRop5zewi0t3Ssv/wk=
github.com/jdejesus007/gogeos v0.1.5/go.mod h1:bWjdRZOXr1hfazt/UTUDXa+2FTUBhEVpjNt5uiP1A0s=
github.com/pkg/errors v0.8.1 h1:iURUrRGxPUNPdy5/HRSm+Yj6okJ6UtLINN0Q9M4+h3I=
github.com/pkg/errors v0.8.1/go.mod h1:bwawxfHBFNV+L2hUp1rHADufV3IMtnDRdf1r5NINEl0=
